<?xml version="1.0" encoding="utf-8"?>
<Project ToolsVersion="4.0" xmlns="http://schemas.microsoft.com/developer/msbuild/2003">
  <ItemGroup>
    <ClCompile Include="AnimationClip.cpp" />
    <ClCompile Include="Animator.cpp" />
    <ClCompile Include="BackgroundManager.cpp" />
    <ClCompile Include="Box.cpp" />
    <ClCompile Include="BoxCollider.cpp" />
    <ClCompile Include="Cam.cpp" />
    <ClCompile Include="Camera.cpp" />
    <ClCompile Include="CameraControler.cpp" />
    <ClCompile Include="CameraManager.cpp" />
    <ClCompile Include="Character.cpp" />
    <ClCompile Include="ClipManager.cpp" />
    <ClCompile Include="ColliderManager.cpp" />
    <ClCompile Include="Component.cpp" />
    <ClCompile Include="Doberman.cpp" />
    <ClCompile Include="DobermanAttackState.cpp" />
    <ClCompile Include="DobermanHitState.cpp" />
    <ClCompile Include="DobermanIdleState.cpp" />
    <ClCompile Include="DobermanMoveState.cpp" />
    <ClCompile Include="EffectManager.cpp" />
    <ClCompile Include="DebugText.cpp" />
    <ClCompile Include="Enemy.cpp" />
    <ClCompile Include="EnemyAI.cpp" />
    <ClCompile Include="EnemyInfo.cpp" />
    <ClCompile Include="EnemyManager.cpp" />
    <ClCompile Include="EnemyState.cpp" />
    <ClCompile Include="gameNode.cpp" />
    <ClCompile Include="GameObject.cpp" />
    <ClCompile Include="Ground.cpp" />
    <ClCompile Include="GroundManager.cpp" />
    <ClCompile Include="image.cpp" />
    <ClCompile Include="ImageManager.cpp" />
    <ClCompile Include="ImageObject.cpp" />
    <ClCompile Include="Item.cpp" />
    <ClCompile Include="ItemObject.cpp" />
    <ClCompile Include="Jesse.cpp" />
    <ClCompile Include="JesseAttack1State.cpp" />
    <ClCompile Include="JesseBlockState.cpp" />
    <ClCompile Include="JesseDieState.cpp" />
    <ClCompile Include="MalcolmHitState.cpp" />
    <ClCompile Include="MalcolmKickState.cpp" />
    <ClCompile Include="MapManager.cpp" />
    <ClCompile Include="MalcolmAttackState.cpp" />
    <ClCompile Include="MalcolmIdleState.cpp" />
    <ClCompile Include="MalcolmMoveState.cpp" />
    <ClCompile Include="MatthewBlockState.cpp" />
    <ClCompile Include="MatthewHitState.cpp" />
    <ClCompile Include="Matthew.cpp" />
    <ClCompile Include="MatthewAttack2State.cpp" />
    <ClCompile Include="MatthewAttack3State.cpp" />
    <ClCompile Include="MatthewAttackState.cpp" />
    <ClCompile Include="MatthewIdleState.cpp" />
    <ClCompile Include="MatthewMoveState.cpp" />
    <ClCompile Include="MatthewPalmwindState.cpp" />
    <ClCompile Include="MatthewPhaseEndState.cpp" />
    <ClCompile Include="MatthewPhaseReadyState.cpp" />
    <ClCompile Include="MatthewPhaseSpotlightState.cpp" />
    <ClCompile Include="MatthewPhaseStartState.cpp" />
    <ClCompile Include="MatthewRunState.cpp" />
    <ClCompile Include="MatthewState.cpp" />
    <ClCompile Include="ObjectInfo.cpp" />
    <ClCompile Include="Outline.cpp" />
    <ClCompile Include="ParticleSystem.cpp" />
    <ClCompile Include="Player.cpp" />
    <ClCompile Include="PlayerAttackState.cpp" />
    <ClCompile Include="PlayerBlockState.cpp" />
    <ClCompile Include="PlayerBreakState.cpp" />
    <ClCompile Include="PlayerControler.cpp" />
    <ClCompile Include="PlayerDieState.cpp" />
    <ClCompile Include="PlayerDoubleAttackState.cpp" />
    <ClCompile Include="PlayerFallState.cpp" />
    <ClCompile Include="PlayerGroundState.cpp" />
    <ClCompile Include="PlayerHitState.cpp" />
    <ClCompile Include="PlayerIdleState.cpp" />
    <ClCompile Include="PlayerJumpKickState.cpp" />
    <ClCompile Include="PlayerJumpState.cpp" />
    <ClCompile Include="PlayerKickAttackState.cpp" />
    <ClCompile Include="PlayerKickSkillState.cpp" />
    <ClCompile Include="PlayerRunState.cpp" />
    <ClCompile Include="PlayerState.cpp" />
    <ClCompile Include="PlayerTwoHandAttackState.cpp" />
    <ClCompile Include="PlayerWalkState.cpp" />
    <ClCompile Include="PlayerZorderJumpState.cpp" />
    <ClCompile Include="playGround.cpp" />
    <ClCompile Include="Renderer.cpp" />
    <ClCompile Include="Scene.cpp" />
    <ClCompile Include="SceneInfoLoader.cpp" />
    <ClCompile Include="SceneManager.cpp" />
    <ClCompile Include="EditorScene.cpp" />
    <ClCompile Include="Shadow.cpp" />
    <ClCompile Include="soundManager.cpp" />
    <ClCompile Include="StartScene.cpp" />
    <ClCompile Include="stdafx.cpp" />
    <ClCompile Include="Succubus.cpp" />
    <ClCompile Include="SuccubusIdleState.cpp" />
    <ClCompile Include="SuccubusState.cpp" />
    <ClCompile Include="SuccubusSummonState.cpp" />
    <ClCompile Include="TagManager.cpp" />
    <ClCompile Include="Text.cpp" />
    <ClCompile Include="TextDataManager.cpp" />
    <ClCompile Include="TimeManager.cpp" />
    <ClCompile Include="Timer.cpp" />
    <ClCompile Include="Transform.cpp" />
    <ClCompile Include="UIBase.cpp" />
    <ClCompile Include="UIRenderer.cpp" />
    <ClCompile Include="utils.cpp" />
    <ClCompile Include="Wall.cpp" />
    <ClCompile Include="WallManager.cpp" />
    <ClCompile Include="WallObj.cpp" />
    <ClCompile Include="William.cpp" />
    <ClCompile Include="WilliamAttackState.cpp" />
    <ClCompile Include="WilliamIdleState.cpp" />
    <ClCompile Include="WilliamMoveState.cpp" />
    <ClCompile Include="winMain.cpp" />
    <ClCompile Include="Zone.cpp" />
    <ClCompile Include="ZOrder.cpp" />
    <ClCompile Include="ZOrderManager.cpp" />
    <ClCompile Include="TitleScene.cpp" />
    <ClCompile Include="WilliamBellyState.cpp" />
    <ClCompile Include="MalcolmRunState.cpp" />
    <ClCompile Include="MalcolmBlockState.cpp" />
    <ClCompile Include="WilliamBlockState.cpp" />
    <ClCompile Include="WilliamHitState.cpp" />
    <ClCompile Include="PlayerIdleState.cpp" />
    <ClCompile Include="PlayerLastHitState.cpp" />
    <ClCompile Include="PlayerKnockoutState.cpp" />
    <ClCompile Include="Mike.cpp" />
    <ClCompile Include="MikeIdleState.cpp" />
    <ClCompile Include="MikeWalkState.cpp" />
    <ClCompile Include="MikeRunState.cpp" />
    <ClCompile Include="MikeBlockState.cpp" />
    <ClCompile Include="MikeHitState.cpp" />
    <ClCompile Include="MikeKickState.cpp" />
    <ClCompile Include="MikeAttack1State.cpp" />
    <ClCompile Include="MikeAttack2State.cpp" />
    <ClCompile Include="MikeAttack3State.cpp" />
    <ClCompile Include="MikeDieState.cpp" />
    <ClCompile Include="Richard.cpp" />
    <ClCompile Include="RichardIdleState.cpp" />
    <ClCompile Include="RichardWalkState.cpp" />
    <ClCompile Include="RichardRunState.cpp" />
    <ClCompile Include="RichardBlockState.cpp" />
    <ClCompile Include="RichardHitState.cpp" />
    <ClCompile Include="RichardKickState.cpp" />
    <ClCompile Include="RichardAttack1State.cpp" />
    <ClCompile Include="RichardAttack2State.cpp" />
    <ClCompile Include="RichardAttack3State.cpp" />
    <ClCompile Include="RichardDieState.cpp" />
    <ClCompile Include="JesseAttack2State.cpp" />
    <ClCompile Include="JesseAttack3State.cpp" />
    <ClCompile Include="JesseHitState.cpp" />
    <ClCompile Include="JesseIdleState.cpp" />
    <ClCompile Include="JesseKickState.cpp" />
    <ClCompile Include="JesseRunState.cpp" />
    <ClCompile Include="JesseWalkState.cpp" />
    <ClCompile Include="keyManager.cpp" />
    <ClCompile Include="Lee.cpp" />
    <ClCompile Include="LeeAttack1State.cpp" />
    <ClCompile Include="LeeAttack2State.cpp" />
    <ClCompile Include="LeeAttack3State.cpp" />
    <ClCompile Include="LeeBlockState.cpp" />
    <ClCompile Include="LeeDieState.cpp" />
    <ClCompile Include="LeeHitState.cpp" />
    <ClCompile Include="LeeIdleState.cpp" />
    <ClCompile Include="LeeKickState.cpp" />
    <ClCompile Include="LeeRunState.cpp" />
    <ClCompile Include="LeeWalkState.cpp" />
    <ClCompile Include="Luke.cpp" />
    <ClCompile Include="LukeAttack1State.cpp" />
    <ClCompile Include="LukeAttack2State.cpp" />
    <ClCompile Include="LukeAttack3State.cpp" />
    <ClCompile Include="LukeBlockState.cpp" />
    <ClCompile Include="LukeDieState.cpp" />
    <ClCompile Include="LukeHitState.cpp" />
    <ClCompile Include="LukeIdleState.cpp" />
    <ClCompile Include="LukeKickState.cpp" />
    <ClCompile Include="LukeRunState.cpp" />
    <ClCompile Include="LukeWalkState.cpp" />
    <ClCompile Include="Malcolm.cpp" />
    <ClCompile Include="PlayerWakeupState.cpp" />
    <ClCompile Include="MatthewLastHitState.cpp" />
    <ClCompile Include="MatthewKnockDown.cpp" />
    <ClCompile Include="MatthewComeBack.cpp" />
    <ClCompile Include="BossScene.cpp" />
    <ClCompile Include="DamageManager.cpp" />
    <ClCompile Include="HpUI.cpp" />
    <ClCompile Include="MalcolmDieState.cpp" />
    <ClCompile Include="WilliamDieState.cpp" />
    <ClCompile Include="DobermanDieState.cpp" />
  </ItemGroup>
  <ItemGroup>
    <ClInclude Include="AnimationClip.h" />
    <ClInclude Include="Animator.h" />
    <ClInclude Include="BackgroundManager.h" />
    <ClInclude Include="Box.h" />
    <ClInclude Include="BoxCollider.h" />
    <ClInclude Include="Cam.h" />
    <ClInclude Include="Camera.h" />
    <ClInclude Include="CameraControler.h" />
    <ClInclude Include="CameraManager.h" />
    <ClInclude Include="Character.h" />
    <ClInclude Include="ClipManager.h" />
    <ClInclude Include="ColliderManager.h" />
    <ClInclude Include="commonMacroFunction.h" />
    <ClInclude Include="Component.h" />
    <ClInclude Include="Doberman.h" />
    <ClInclude Include="DobermanAttackState.h" />
    <ClInclude Include="DobermanHitState.h" />
    <ClInclude Include="DobermanIdleState.h" />
    <ClInclude Include="DobermanMoveState.h" />
    <ClInclude Include="EffectManager.h" />
    <ClInclude Include="DebugText.h" />
    <ClInclude Include="Enemy.h" />
    <ClInclude Include="EnemyAI.h" />
    <ClInclude Include="EnemyInfo.h" />
    <ClInclude Include="EnemyManager.h" />
    <ClInclude Include="EnemyState.h" />
    <ClInclude Include="gameNode.h" />
    <ClInclude Include="GameObject.h" />
    <ClInclude Include="Ground.h" />
    <ClInclude Include="GroundManager.h" />
    <ClInclude Include="image.h" />
    <ClInclude Include="ImageManager.h" />
    <ClInclude Include="ImageObject.h" />
    <ClInclude Include="Item.h" />
    <ClInclude Include="ItemObject.h" />
    <ClInclude Include="Jesse.h" />
    <ClInclude Include="JesseAttack1State.h" />
    <ClInclude Include="JesseBlockState.h" />
    <ClInclude Include="MalcolmHitState.h" />
    <ClInclude Include="MalcolmKickState.h" />
    <ClInclude Include="MapManager.h" />
    <ClInclude Include="Malcolm.h" />
    <ClInclude Include="MalcolmAttackState.h" />
    <ClInclude Include="MalcolmIdleState.h" />
    <ClInclude Include="MalcolmMoveState.h" />
    <ClInclude Include="MatthewBlockState.h" />
    <ClInclude Include="MatthewHitState.h" />
    <ClInclude Include="Matthew.h" />
    <ClInclude Include="MatthewAttack2State.h" />
    <ClInclude Include="MatthewAttack3State.h" />
    <ClInclude Include="MatthewAttackState.h" />
    <ClInclude Include="MatthewIdleState.h" />
    <ClInclude Include="MatthewMoveState.h" />
    <ClInclude Include="MatthewPalmwindState.h" />
    <ClInclude Include="MatthewPhaseEndState.h" />
    <ClInclude Include="MatthewPhaseReadyState.h" />
    <ClInclude Include="MatthewPhaseSpotlightState.h" />
    <ClInclude Include="MatthewPhaseStartState.h" />
    <ClInclude Include="MatthewRunState.h" />
    <ClInclude Include="MatthewState.h" />
    <ClInclude Include="ObjectInfo.h" />
    <ClInclude Include="Outline.h" />
    <ClInclude Include="ParticleSystem.h" />
    <ClInclude Include="Player.h" />
    <ClInclude Include="PlayerAttackState.h" />
    <ClInclude Include="PlayerBlockState.h" />
    <ClInclude Include="PlayerBreakState.h" />
    <ClInclude Include="PlayerControler.h" />
    <ClInclude Include="PlayerDieState.h" />
    <ClInclude Include="PlayerDoubleAttackState.h" />
    <ClInclude Include="PlayerFallState.h" />
    <ClInclude Include="PlayerGroundState.h" />
    <ClInclude Include="PlayerHitState.h" />
    <ClInclude Include="PlayerIdleState.h" />
    <ClInclude Include="PlayerJumpKickState.h" />
    <ClInclude Include="PlayerJumpState.h" />
    <ClInclude Include="PlayerKickAttackState.h" />
    <ClInclude Include="PlayerKickSkillState.h" />
    <ClInclude Include="PlayerRunState.h" />
    <ClInclude Include="PlayerState.h" />
    <ClInclude Include="PlayerTwoHandAttackState.h" />
    <ClInclude Include="PlayerWalkState.h" />
    <ClInclude Include="PlayerZorderJumpState.h" />
    <ClInclude Include="playGround.h" />
    <ClInclude Include="randomFunction.h" />
    <ClInclude Include="Renderer.h" />
    <ClInclude Include="Resource.h" />
    <ClInclude Include="Scene.h" />
    <ClInclude Include="SceneInfoLoader.h" />
    <ClInclude Include="SceneManager.h" />
    <ClInclude Include="EditorScene.h" />
    <ClInclude Include="Shadow.h" />
    <ClInclude Include="singletonBase.h" />
    <ClInclude Include="soundManager.h" />
    <ClInclude Include="StartScene.h" />
    <ClInclude Include="stdafx.h" />
    <ClInclude Include="Succubus.h" />
    <ClInclude Include="SuccubusIdleState.h" />
    <ClInclude Include="SuccubusState.h" />
    <ClInclude Include="SuccubusSummonState.h" />
    <ClInclude Include="TagManager.h" />
    <ClInclude Include="targetver.h" />
    <ClInclude Include="Text.h" />
    <ClInclude Include="TextDataManager.h" />
    <ClInclude Include="TimeManager.h" />
    <ClInclude Include="Timer.h" />
    <ClInclude Include="Transform.h" />
    <ClInclude Include="UIBase.h" />
    <ClInclude Include="UIRenderer.h" />
    <ClInclude Include="utils.h" />
    <ClInclude Include="Wall.h" />
    <ClInclude Include="WallManager.h" />
    <ClInclude Include="WallObj.h" />
    <ClInclude Include="William.h" />
    <ClInclude Include="WilliamAttackState.h" />
    <ClInclude Include="WilliamIdleState.h" />
    <ClInclude Include="WilliamMoveState.h" />
    <ClInclude Include="Zone.h" />
    <ClInclude Include="ZOrder.h" />
    <ClInclude Include="ZOrderManager.h" />
    <ClInclude Include="TitleScene.h" />
    <ClInclude Include="WilliamBellyState.h" />
    <ClInclude Include="MalcolmRunState.h" />
    <ClInclude Include="MalcolmBlockState.h" />
    <ClInclude Include="WilliamBlockState.h" />
    <ClInclude Include="WilliamHitState.h" />
    <ClInclude Include="PlayerIdleState.h" />
    <ClInclude Include="PlayerLastHitState.h" />
    <ClInclude Include="PlayerKnockoutState.h" />
    <ClInclude Include="Mike.h" />
    <ClInclude Include="MikeIdleState.h" />
    <ClInclude Include="MikeWalkState.h" />
    <ClInclude Include="MikeRunState.h" />
    <ClInclude Include="MikeBlockState.h" />
    <ClInclude Include="MikeHitState.h" />
    <ClInclude Include="MikeKickState.h" />
    <ClInclude Include="MikeAttack1State.h" />
    <ClInclude Include="MikeAttack2State.h" />
    <ClInclude Include="MikeAttack3State.h" />
    <ClInclude Include="MikeDieState.h" />
    <ClInclude Include="Richard.h" />
    <ClInclude Include="RichardIdleState.h" />
    <ClInclude Include="RichardWalkState.h" />
    <ClInclude Include="RichardRunState.h" />
    <ClInclude Include="RichardBlockState.h" />
    <ClInclude Include="RichardHitState.h" />
    <ClInclude Include="RichardKickState.h" />
    <ClInclude Include="RichardAttack1State.h" />
    <ClInclude Include="RichardAttack2State.h" />
    <ClInclude Include="RichardAttack3State.h" />
    <ClInclude Include="RichardDieState.h" />
    <ClInclude Include="JesseAttack2State.h" />
    <ClInclude Include="JesseAttack3State.h" />
    <ClInclude Include="JesseDieState.h" />
    <ClInclude Include="JesseHitState.h" />
    <ClInclude Include="JesseIdleState.h" />
    <ClInclude Include="JesseKickState.h" />
    <ClInclude Include="JesseRunState.h" />
    <ClInclude Include="JesseWalkState.h" />
    <ClInclude Include="keyManager.h" />
    <ClInclude Include="Lee.h" />
    <ClInclude Include="LeeAttack1State.h" />
    <ClInclude Include="LeeAttack2State.h" />
    <ClInclude Include="LeeAttack3State.h" />
    <ClInclude Include="LeeBlockState.h" />
    <ClInclude Include="LeeDieState.h" />
    <ClInclude Include="LeeHitState.h" />
    <ClInclude Include="LeeIdleState.h" />
    <ClInclude Include="LeeKickState.h" />
    <ClInclude Include="LeeRunState.h" />
    <ClInclude Include="LeeWalkState.h" />
    <ClInclude Include="Luke.h" />
    <ClInclude Include="LukeAttack1State.h" />
    <ClInclude Include="LukeAttack2State.h" />
    <ClInclude Include="LukeAttack3State.h" />
    <ClInclude Include="LukeBlockState.h" />
    <ClInclude Include="LukeDieState.h" />
    <ClInclude Include="LukeHitState.h" />
    <ClInclude Include="LukeIdleState.h" />
    <ClInclude Include="LukeKickState.h" />
    <ClInclude Include="LukeRunState.h" />
    <ClInclude Include="LukeWalkState.h" />
    <ClInclude Include="PlayerWakeupState.h" />
    <ClInclude Include="MatthewLastHitState.h" />
    <ClInclude Include="MatthewKnockDown.h" />
    <ClInclude Include="MatthewComeBack.h" />
    <ClInclude Include="BossScene.h" />
    <ClInclude Include="DamageManager.h" />
    <ClInclude Include="HpUI.h" />
    <ClInclude Include="MalcolmDieState.h" />
    <ClInclude Include="WilliamDieState.h" />
    <ClInclude Include="DobermanDieState.h" />
  </ItemGroup>
  <ItemGroup>
    <ResourceCompile Include="windowAPI.rc" />
  </ItemGroup>
  <ItemGroup>
    <Image Include="small.ico" />
    <Image Include="windowAPI.ico" />
  </ItemGroup>
</Project>