<?xml version="1.0" encoding="utf-8"?>
<Project ToolsVersion="4.0" xmlns="http://schemas.microsoft.com/developer/msbuild/2003">
  <ItemGroup>
    <ClCompile Include="stdafx.cpp" />
    <ClCompile Include="winMain.cpp" />
    <ClCompile Include="EffectManager.cpp">
      <Filter>Manager</Filter>
    </ClCompile>
    <ClCompile Include="EnemyManager.cpp">
      <Filter>Manager</Filter>
    </ClCompile>
    <ClCompile Include="GroundManager.cpp">
      <Filter>Manager</Filter>
    </ClCompile>
    <ClCompile Include="ImageManager.cpp">
      <Filter>Manager</Filter>
    </ClCompile>
    <ClCompile Include="PlayerAttackState.cpp">
      <Filter>PlayerState</Filter>
    </ClCompile>
    <ClCompile Include="PlayerBreakState.cpp">
      <Filter>PlayerState</Filter>
    </ClCompile>
    <ClCompile Include="PlayerControler.cpp">
      <Filter>PlayerState</Filter>
    </ClCompile>
    <ClCompile Include="PlayerFallState.cpp">
      <Filter>PlayerState</Filter>
    </ClCompile>
    <ClCompile Include="PlayerGroundState.cpp">
      <Filter>PlayerState</Filter>
    </ClCompile>
    <ClCompile Include="PlayerIdleState.cpp">
      <Filter>PlayerState</Filter>
    </ClCompile>
    <ClCompile Include="PlayerJumpState.cpp">
      <Filter>PlayerState</Filter>
    </ClCompile>
    <ClCompile Include="PlayerKickAttackState.cpp">
      <Filter>PlayerState</Filter>
    </ClCompile>
    <ClCompile Include="PlayerRunState.cpp">
      <Filter>PlayerState</Filter>
    </ClCompile>
    <ClCompile Include="PlayerShieldState.cpp">
      <Filter>PlayerState</Filter>
    </ClCompile>
    <ClCompile Include="PlayerState.cpp">
      <Filter>PlayerState</Filter>
    </ClCompile>
    <ClCompile Include="PlayerWalkState.cpp">
      <Filter>PlayerState</Filter>
    </ClCompile>
    <ClCompile Include="PlayerZorderJumpState.cpp">
      <Filter>PlayerState</Filter>
    </ClCompile>
    <ClCompile Include="BackgroundManager.cpp">
      <Filter>Manager</Filter>
    </ClCompile>
    <ClCompile Include="CameraManager.cpp">
      <Filter>Manager</Filter>
    </ClCompile>
    <ClCompile Include="Character.cpp">
      <Filter>GameObject</Filter>
    </ClCompile>
    <ClCompile Include="ClipManager.cpp">
      <Filter>Manager</Filter>
    </ClCompile>
    <ClCompile Include="EnemyState.cpp">
      <Filter>EnemyState</Filter>
    </ClCompile>
    <ClCompile Include="Dobermanidlestate.cpp">
      <Filter>EnemyState</Filter>
    </ClCompile>
    <ClCompile Include="Dobermanstate.cpp">
      <Filter>EnemyState</Filter>
    </ClCompile>
    <ClCompile Include="Ground.cpp">
      <Filter>Component</Filter>
    </ClCompile>
    <ClCompile Include="Item.cpp">
      <Filter>Component</Filter>
    </ClCompile>
    <ClCompile Include="ItemObject.cpp">
      <Filter>GameObject</Filter>
    </ClCompile>
    <ClCompile Include="keyManager.cpp">
      <Filter>Manager</Filter>
    </ClCompile>
    <ClCompile Include="ObjectInfo.cpp">
      <Filter>Component</Filter>
    </ClCompile>
    <ClCompile Include="Player.cpp">
      <Filter>Component</Filter>
    </ClCompile>
    <ClCompile Include="Scene.cpp">
      <Filter>Scene</Filter>
    </ClCompile>
    <ClCompile Include="SecondScene.cpp">
      <Filter>Scene</Filter>
    </ClCompile>
    <ClCompile Include="SceneManager.cpp">
      <Filter>Manager</Filter>
    </ClCompile>
    <ClCompile Include="soundManager.cpp">
      <Filter>Manager</Filter>
    </ClCompile>
    <ClCompile Include="StartScene.cpp">
      <Filter>Scene</Filter>
    </ClCompile>
    <ClCompile Include="TagManager.cpp">
      <Filter>Manager</Filter>
    </ClCompile>
    <ClCompile Include="TextDataManager.cpp">
      <Filter>Manager</Filter>
    </ClCompile>
    <ClCompile Include="TimeManager.cpp">
      <Filter>Manager</Filter>
    </ClCompile>
    <ClCompile Include="ZOrder.cpp">
      <Filter>Component</Filter>
    </ClCompile>
    <ClCompile Include="Wall.cpp">
      <Filter>Component</Filter>
    </ClCompile>
    <ClCompile Include="AnimationClip.cpp">
      <Filter>Util</Filter>
    </ClCompile>
    <ClCompile Include="gameNode.cpp">
      <Filter>Playground</Filter>
    </ClCompile>
    <ClCompile Include="image.cpp" />
    <ClCompile Include="playGround.cpp">
      <Filter>Playground</Filter>
    </ClCompile>
    <ClCompile Include="WallManager.cpp">
      <Filter>Manager</Filter>
    </ClCompile>
    <ClCompile Include="WallObj.cpp">
      <Filter>GameObject</Filter>
    </ClCompile>
    <ClCompile Include="ZOrderManager.cpp">
      <Filter>Manager</Filter>
    </ClCompile>
    <ClCompile Include="Timer.cpp">
      <Filter>Util</Filter>
    </ClCompile>
    <ClCompile Include="utils.cpp">
      <Filter>Util</Filter>
    </ClCompile>
    <ClCompile Include="Box.cpp">
      <Filter>GameObject\Common</Filter>
    </ClCompile>
    <ClCompile Include="Cam.cpp">
      <Filter>GameObject\Common</Filter>
    </ClCompile>
    <ClCompile Include="GameObject.cpp">
      <Filter>GameObject\Common</Filter>
    </ClCompile>
    <ClCompile Include="ImageObject.cpp">
      <Filter>GameObject\Common</Filter>
    </ClCompile>
    <ClCompile Include="UIBase.cpp">
      <Filter>GameObject\Common</Filter>
    </ClCompile>
    <ClCompile Include="Zone.cpp">
      <Filter>GameObject\Common</Filter>
    </ClCompile>
    <ClCompile Include="Doberman.cpp">
      <Filter>GameObject\Enemy</Filter>
    </ClCompile>
    <ClCompile Include="Enemy2.cpp">
      <Filter>GameObject\Enemy</Filter>
    </ClCompile>
    <ClCompile Include="Animator.cpp">
      <Filter>Component\Common</Filter>
    </ClCompile>
    <ClCompile Include="BoxCollider.cpp">
      <Filter>Component\Common</Filter>
    </ClCompile>
    <ClCompile Include="Camera.cpp">
      <Filter>Component\Common</Filter>
    </ClCompile>
    <ClCompile Include="ColliderManager.cpp">
      <Filter>Manager</Filter>
    </ClCompile>
    <ClCompile Include="DebugText.cpp">
      <Filter>Component\Common</Filter>
    </ClCompile>
    <ClCompile Include="Component.cpp">
      <Filter>Component\Common</Filter>
    </ClCompile>
    <ClCompile Include="ParticleSystem.cpp">
      <Filter>Component\Common</Filter>
    </ClCompile>
    <ClCompile Include="Renderer.cpp">
      <Filter>Component\Common</Filter>
    </ClCompile>
    <ClCompile Include="Text.cpp">
      <Filter>Component\Common</Filter>
    </ClCompile>
    <ClCompile Include="Transform.cpp">
      <Filter>Component\Common</Filter>
    </ClCompile>
    <ClCompile Include="UIRenderer.cpp">
      <Filter>Component\Common</Filter>
    </ClCompile>
    <ClCompile Include="SceneInfoLoader.cpp" />
  </ItemGroup>
  <ItemGroup>
    <ClInclude Include="randomFunction.h" />
    <ClInclude Include="Resource.h" />
    <ClInclude Include="stdafx.h" />
    <ClInclude Include="targetver.h" />
    <ClInclude Include="EffectManager.h">
      <Filter>Manager</Filter>
    </ClInclude>
    <ClInclude Include="EnemyManager.h">
      <Filter>Manager</Filter>
    </ClInclude>
    <ClInclude Include="GroundManager.h">
      <Filter>Manager</Filter>
    </ClInclude>
    <ClInclude Include="ImageManager.h">
      <Filter>Manager</Filter>
    </ClInclude>
    <ClInclude Include="PlayerAttackState.h">
      <Filter>PlayerState</Filter>
    </ClInclude>
    <ClInclude Include="PlayerBreakState.h">
      <Filter>PlayerState</Filter>
    </ClInclude>
    <ClInclude Include="PlayerControler.h">
      <Filter>PlayerState</Filter>
    </ClInclude>
    <ClInclude Include="PlayerFallState.h">
      <Filter>PlayerState</Filter>
    </ClInclude>
    <ClInclude Include="PlayerGroundState.h">
      <Filter>PlayerState</Filter>
    </ClInclude>
    <ClInclude Include="PlayerIdleState.h">
      <Filter>PlayerState</Filter>
    </ClInclude>
    <ClInclude Include="PlayerJumpState.h">
      <Filter>PlayerState</Filter>
    </ClInclude>
    <ClInclude Include="PlayerKickAttackState.h">
      <Filter>PlayerState</Filter>
    </ClInclude>
    <ClInclude Include="PlayerRunState.h">
      <Filter>PlayerState</Filter>
    </ClInclude>
    <ClInclude Include="PlayerShieldState.h">
      <Filter>PlayerState</Filter>
    </ClInclude>
    <ClInclude Include="PlayerState.h">
      <Filter>PlayerState</Filter>
    </ClInclude>
    <ClInclude Include="PlayerWalkState.h">
      <Filter>PlayerState</Filter>
    </ClInclude>
    <ClInclude Include="PlayerZorderJumpState.h">
      <Filter>PlayerState</Filter>
    </ClInclude>
    <ClInclude Include="BackgroundManager.h">
      <Filter>Manager</Filter>
    </ClInclude>
    <ClInclude Include="CameraManager.h">
      <Filter>Manager</Filter>
    </ClInclude>
    <ClInclude Include="Character.h">
      <Filter>GameObject</Filter>
    </ClInclude>
    <ClInclude Include="ClipManager.h">
      <Filter>Manager</Filter>
    </ClInclude>
    <ClInclude Include="EnemyState.h">
      <Filter>EnemyState</Filter>
    </ClInclude>
    <ClInclude Include="Dobermanidlestate.h">
      <Filter>EnemyState</Filter>
    </ClInclude>
    <ClInclude Include="Dobermanstate.h">
      <Filter>EnemyState</Filter>
    </ClInclude>
    <ClInclude Include="Ground.h">
      <Filter>Component</Filter>
    </ClInclude>
    <ClInclude Include="Item.h">
      <Filter>Component</Filter>
    </ClInclude>
    <ClInclude Include="ItemObject.h">
      <Filter>GameObject</Filter>
    </ClInclude>
    <ClInclude Include="keyManager.h">
      <Filter>Manager</Filter>
    </ClInclude>
    <ClInclude Include="ObjectInfo.h">
      <Filter>Component</Filter>
    </ClInclude>
    <ClInclude Include="Player.h">
      <Filter>Component</Filter>
    </ClInclude>
    <ClInclude Include="Scene.h">
      <Filter>Scene</Filter>
    </ClInclude>
    <ClInclude Include="SecondScene.h">
      <Filter>Scene</Filter>
    </ClInclude>
    <ClInclude Include="SceneManager.h">
      <Filter>Manager</Filter>
    </ClInclude>
    <ClInclude Include="StartScene.h">
      <Filter>Scene</Filter>
    </ClInclude>
    <ClInclude Include="soundManager.h">
      <Filter>Manager</Filter>
    </ClInclude>
    <ClInclude Include="singletonBase.h">
      <Filter>Manager\singletonBase</Filter>
    </ClInclude>
    <ClInclude Include="TagManager.h">
      <Filter>Manager</Filter>
    </ClInclude>
    <ClInclude Include="TextDataManager.h">
      <Filter>Manager</Filter>
    </ClInclude>
    <ClInclude Include="TimeManager.h">
      <Filter>Manager</Filter>
    </ClInclude>
    <ClInclude Include="ZOrder.h">
      <Filter>Component</Filter>
    </ClInclude>
    <ClInclude Include="Wall.h">
      <Filter>Component</Filter>
    </ClInclude>
    <ClInclude Include="AnimationClip.h">
      <Filter>Util</Filter>
    </ClInclude>
    <ClInclude Include="commonMacroFunction.h">
      <Filter>Util</Filter>
    </ClInclude>
    <ClInclude Include="gameNode.h">
      <Filter>Playground</Filter>
    </ClInclude>
    <ClInclude Include="image.h" />
    <ClInclude Include="playGround.h">
      <Filter>Playground</Filter>
    </ClInclude>
    <ClInclude Include="WallManager.h">
      <Filter>Manager</Filter>
    </ClInclude>
    <ClInclude Include="WallObj.h">
      <Filter>GameObject</Filter>
    </ClInclude>
    <ClInclude Include="ZOrderManager.h">
      <Filter>Manager</Filter>
    </ClInclude>
    <ClInclude Include="Timer.h">
      <Filter>Util</Filter>
    </ClInclude>
    <ClInclude Include="utils.h">
      <Filter>Util</Filter>
    </ClInclude>
    <ClInclude Include="Box.h">
      <Filter>GameObject\Common</Filter>
    </ClInclude>
    <ClInclude Include="Cam.h">
      <Filter>GameObject\Common</Filter>
    </ClInclude>
    <ClInclude Include="GameObject.h">
      <Filter>GameObject\Common</Filter>
    </ClInclude>
    <ClInclude Include="ImageObject.h">
      <Filter>GameObject\Common</Filter>
    </ClInclude>
    <ClInclude Include="UIBase.h">
      <Filter>GameObject\Common</Filter>
    </ClInclude>
    <ClInclude Include="Zone.h">
      <Filter>GameObject\Common</Filter>
    </ClInclude>
    <ClInclude Include="Doberman.h">
      <Filter>GameObject\Enemy</Filter>
    </ClInclude>
    <ClInclude Include="Enemy2.h">
      <Filter>GameObject\Enemy</Filter>
    </ClInclude>
    <ClInclude Include="Animator.h">
      <Filter>Component\Common</Filter>
    </ClInclude>
    <ClInclude Include="BoxCollider.h">
      <Filter>Component\Common</Filter>
    </ClInclude>
    <ClInclude Include="Camera.h">
      <Filter>Component\Common</Filter>
    </ClInclude>
    <ClInclude Include="ColliderManager.h">
      <Filter>Manager</Filter>
    </ClInclude>
    <ClInclude Include="DebugText.h">
      <Filter>Component\Common</Filter>
    </ClInclude>
    <ClInclude Include="Component.h">
      <Filter>Component\Common</Filter>
    </ClInclude>
    <ClInclude Include="ParticleSystem.h">
      <Filter>Component\Common</Filter>
    </ClInclude>
    <ClInclude Include="Renderer.h">
      <Filter>Component\Common</Filter>
    </ClInclude>
    <ClInclude Include="Text.h">
      <Filter>Component\Common</Filter>
    </ClInclude>
    <ClInclude Include="Transform.h">
      <Filter>Component\Common</Filter>
    </ClInclude>
    <ClInclude Include="UIRenderer.h">
      <Filter>Component\Common</Filter>
    </ClInclude>
    <ClInclude Include="SceneInfoLoader.h" />
  </ItemGroup>
  <ItemGroup>
    <ResourceCompile Include="windowAPI.rc" />
  </ItemGroup>
  <ItemGroup>
    <Image Include="small.ico" />
    <Image Include="windowAPI.ico" />
  </ItemGroup>
  <ItemGroup>
    <Filter Include="Manager">
      <UniqueIdentifier>{d0440df8-85e2-48aa-86e3-61be0ccdaa56}</UniqueIdentifier>
    </Filter>
    <Filter Include="PlayerState">
      <UniqueIdentifier>{fc293b65-b132-43d0-88c0-4fdecb854bbf}</UniqueIdentifier>
    </Filter>
    <Filter Include="Component">
      <UniqueIdentifier>{a5046524-d3bb-4eeb-afbc-13eb67f3b106}</UniqueIdentifier>
    </Filter>
    <Filter Include="EnemyState">
      <UniqueIdentifier>{c36e51be-a4cb-4787-b5a1-299233422db9}</UniqueIdentifier>
    </Filter>
    <Filter Include="GameObject">
      <UniqueIdentifier>{ec6f3cb3-26e1-4571-8d4b-615bd9c5ed61}</UniqueIdentifier>
    </Filter>
    <Filter Include="Scene">
      <UniqueIdentifier>{7e3a0740-ce9d-4011-a686-1929aa99ca8b}</UniqueIdentifier>
    </Filter>
    <Filter Include="Manager\singletonBase">
      <UniqueIdentifier>{2b8a4c3b-38a9-4039-8561-64c5cd7c8678}</UniqueIdentifier>
    </Filter>
    <Filter Include="Util">
      <UniqueIdentifier>{5239c8e8-be2f-411a-80b3-b5d763928d68}</UniqueIdentifier>
    </Filter>
    <Filter Include="Playground">
      <UniqueIdentifier>{3f34b724-cd22-421d-af56-4e87d1d712fb}</UniqueIdentifier>
    </Filter>
    <Filter Include="GameObject\Common">
      <UniqueIdentifier>{32a048b8-c290-4f2c-aed5-82cc04c1b6a6}</UniqueIdentifier>
    </Filter>
    <Filter Include="GameObject\Enemy">
      <UniqueIdentifier>{0d9932fa-8c93-4678-b66e-dd8446a21671}</UniqueIdentifier>
    </Filter>
    <Filter Include="Component\Common">
      <UniqueIdentifier>{7dd67849-6cce-4557-8951-bba5e3601485}</UniqueIdentifier>
    </Filter>
  </ItemGroup>
</Project>