<?xml version="1.0" encoding="utf-8"?>
<Project ToolsVersion="4.0" xmlns="http://schemas.microsoft.com/developer/msbuild/2003">
  <ItemGroup>
    <ClCompile Include="AnimationClip.cpp" />
    <ClCompile Include="image.cpp" />
    <ClCompile Include="ImageManager.cpp" />
    <ClCompile Include="stdafx.cpp" />
    <ClCompile Include="Timer.cpp" />
    <ClCompile Include="utils.cpp" />
    <ClCompile Include="winMain.cpp" />
    <ClCompile Include="Animator.cpp">
      <Filter>Component\Framework</Filter>
    </ClCompile>
    <ClCompile Include="BackgroundManager.cpp">
      <Filter>Manager</Filter>
    </ClCompile>
    <ClCompile Include="BoxCollider.cpp">
      <Filter>Component\Framework</Filter>
    </ClCompile>
    <ClCompile Include="Camera.cpp">
      <Filter>Component\Framework</Filter>
    </ClCompile>
    <ClCompile Include="Box.cpp">
      <Filter>GameObject\Framwork</Filter>
    </ClCompile>
    <ClCompile Include="Cam.cpp">
      <Filter>GameObject\Framwork</Filter>
    </ClCompile>
    <ClCompile Include="CameraManager.cpp">
      <Filter>Manager\Framework</Filter>
    </ClCompile>
    <ClCompile Include="Character.cpp">
      <Filter>GameObject</Filter>
    </ClCompile>
    <ClCompile Include="ClipManager.cpp">
      <Filter>Manager\Framework</Filter>
    </ClCompile>
    <ClCompile Include="ColliderManager.cpp">
      <Filter>Manager\Framework</Filter>
    </ClCompile>
    <ClCompile Include="Component.cpp">
      <Filter>Component\Framework</Filter>
    </ClCompile>
    <ClCompile Include="DebugText.cpp">
      <Filter>Component\Framework</Filter>
    </ClCompile>
    <ClCompile Include="Doberman.cpp">
      <Filter>Component</Filter>
    </ClCompile>
    <ClCompile Include="DobermanAttackstate.cpp">
      <Filter>EnemyState\Doberman</Filter>
    </ClCompile>
    <ClCompile Include="Dobermanidlestate.cpp">
      <Filter>EnemyState\Doberman</Filter>
    </ClCompile>
    <ClCompile Include="Dobermanmovestate.cpp">
      <Filter>EnemyState\Doberman</Filter>
    </ClCompile>
    <ClCompile Include="EffectManager.cpp">
      <Filter>Manager\Framework</Filter>
    </ClCompile>
    <ClCompile Include="Enemy.cpp">
      <Filter>GameObject</Filter>
    </ClCompile>
    <ClCompile Include="EnemyAI.cpp">
      <Filter>Component</Filter>
    </ClCompile>
    <ClCompile Include="EnemyInfo.cpp">
      <Filter>Component</Filter>
    </ClCompile>
    <ClCompile Include="EnemyManager.cpp">
      <Filter>Manager</Filter>
    </ClCompile>
    <ClCompile Include="EnemyState.cpp">
      <Filter>EnemyState</Filter>
    </ClCompile>
    <ClCompile Include="gameNode.cpp">
      <Filter>Playground</Filter>
    </ClCompile>
    <ClCompile Include="GameObject.cpp">
      <Filter>GameObject\Framwork</Filter>
    </ClCompile>
    <ClCompile Include="GroundManager.cpp">
      <Filter>Manager</Filter>
    </ClCompile>
    <ClCompile Include="ImageObject.cpp">
      <Filter>GameObject\Framwork</Filter>
    </ClCompile>
    <ClCompile Include="ItemObject.cpp">
      <Filter>GameObject</Filter>
    </ClCompile>
    <ClCompile Include="Luke.cpp">
      <Filter>GameObject</Filter>
    </ClCompile>
    <ClCompile Include="LukeAttackState.cpp">
      <Filter>EnemyState\Luke</Filter>
    </ClCompile>
    <ClCompile Include="LukeIdleState.cpp">
      <Filter>EnemyState\Luke</Filter>
    </ClCompile>
    <ClCompile Include="LukeRunState.cpp">
      <Filter>EnemyState\Luke</Filter>
    </ClCompile>
    <ClCompile Include="Matthew.cpp">
      <Filter>Component</Filter>
    </ClCompile>
    <ClCompile Include="Matthewattack2state.cpp">
      <Filter>EnemyState\Matthew</Filter>
    </ClCompile>
    <ClCompile Include="Matthewattack3state.cpp">
      <Filter>EnemyState\Matthew</Filter>
    </ClCompile>
    <ClCompile Include="Matthewattackstate.cpp">
      <Filter>EnemyState\Matthew</Filter>
    </ClCompile>
    <ClCompile Include="Matthewidlestate.cpp">
      <Filter>EnemyState\Matthew</Filter>
    </ClCompile>
    <ClCompile Include="Matthewmovestate.cpp">
      <Filter>EnemyState\Matthew</Filter>
    </ClCompile>
    <ClCompile Include="Matthewstate.cpp">
      <Filter>EnemyState\Matthew</Filter>
    </ClCompile>
    <ClCompile Include="PlayerAttackState.cpp">
      <Filter>PlayerState</Filter>
    </ClCompile>
    <ClCompile Include="PlayerBlockState.cpp">
      <Filter>PlayerState</Filter>
    </ClCompile>
    <ClCompile Include="PlayerBreakState.cpp">
      <Filter>PlayerState</Filter>
    </ClCompile>
    <ClCompile Include="PlayerControler.cpp">
      <Filter>PlayerState</Filter>
    </ClCompile>
    <ClCompile Include="PlayerFallState.cpp">
      <Filter>PlayerState</Filter>
    </ClCompile>
    <ClCompile Include="PlayerGroundState.cpp">
      <Filter>PlayerState</Filter>
    </ClCompile>
    <ClCompile Include="PlayerIdleState.cpp">
      <Filter>PlayerState</Filter>
    </ClCompile>
    <ClCompile Include="PlayerJumpKickState.cpp">
      <Filter>PlayerState</Filter>
    </ClCompile>
    <ClCompile Include="PlayerJumpState.cpp">
      <Filter>PlayerState</Filter>
    </ClCompile>
    <ClCompile Include="PlayerKickAttackState.cpp">
      <Filter>PlayerState</Filter>
    </ClCompile>
    <ClCompile Include="PlayerKickSkillState.cpp">
      <Filter>PlayerState</Filter>
    </ClCompile>
    <ClCompile Include="PlayerRunState.cpp">
      <Filter>PlayerState</Filter>
    </ClCompile>
    <ClCompile Include="PlayerState.cpp">
      <Filter>PlayerState</Filter>
    </ClCompile>
    <ClCompile Include="PlayerWalkState.cpp">
      <Filter>PlayerState</Filter>
    </ClCompile>
    <ClCompile Include="PlayerZorderJumpState.cpp">
      <Filter>PlayerState</Filter>
    </ClCompile>
    <ClCompile Include="keyManager.cpp">
      <Filter>Manager\Framework</Filter>
    </ClCompile>
    <ClCompile Include="Item.cpp">
      <Filter>Component</Filter>
    </ClCompile>
    <ClCompile Include="Ground.cpp">
      <Filter>Component</Filter>
    </ClCompile>
    <ClCompile Include="ObjectInfo.cpp">
      <Filter>Component</Filter>
    </ClCompile>
    <ClCompile Include="Player.cpp">
      <Filter>Component</Filter>
    </ClCompile>
    <ClCompile Include="Renderer.cpp">
      <Filter>Component\Framework</Filter>
    </ClCompile>
    <ClCompile Include="Scene.cpp">
      <Filter>Scene</Filter>
    </ClCompile>
    <ClCompile Include="playGround.cpp">
      <Filter>Playground</Filter>
    </ClCompile>
    <ClCompile Include="SceneInfoLoader.cpp">
      <Filter>Scene</Filter>
    </ClCompile>
    <ClCompile Include="EditorScene.cpp">
      <Filter>Scene</Filter>
    </ClCompile>
    <ClCompile Include="SceneManager.cpp">
      <Filter>Manager\Framework</Filter>
    </ClCompile>
    <ClCompile Include="soundManager.cpp">
      <Filter>Manager\Framework</Filter>
    </ClCompile>
    <ClCompile Include="TagManager.cpp">
      <Filter>Manager\Framework</Filter>
    </ClCompile>
    <ClCompile Include="StartScene.cpp">
      <Filter>Scene</Filter>
    </ClCompile>
    <ClCompile Include="ParticleSystem.cpp">
      <Filter>Component\Framework</Filter>
    </ClCompile>
    <ClCompile Include="UIBase.cpp">
      <Filter>GameObject\Framwork</Filter>
    </ClCompile>
    <ClCompile Include="Wall.cpp">
      <Filter>Component</Filter>
    </ClCompile>
    <ClCompile Include="Transform.cpp">
      <Filter>Component\Framework</Filter>
    </ClCompile>
    <ClCompile Include="UIRenderer.cpp">
      <Filter>Component\Framework</Filter>
    </ClCompile>
    <ClCompile Include="WallManager.cpp">
      <Filter>Manager</Filter>
    </ClCompile>
    <ClCompile Include="WallObj.cpp">
      <Filter>GameObject</Filter>
    </ClCompile>
    <ClCompile Include="ZOrder.cpp">
      <Filter>Component</Filter>
    </ClCompile>
    <ClCompile Include="ZOrderManager.cpp">
      <Filter>Manager</Filter>
    </ClCompile>
    <ClCompile Include="Text.cpp">
      <Filter>Component\Framework</Filter>
    </ClCompile>
    <ClCompile Include="TimeManager.cpp">
      <Filter>Manager\Framework</Filter>
    </ClCompile>
    <ClCompile Include="TextDataManager.cpp">
      <Filter>Manager\Framework</Filter>
    </ClCompile>
    <ClCompile Include="Zone.cpp">
      <Filter>GameObject\Framwork</Filter>
    </ClCompile>
    <ClCompile Include="Outline.cpp" />
    <ClCompile Include="MatthewPalmwindState.cpp" />
    <ClCompile Include="Enemy.cpp" />
    <ClCompile Include="EnemyAI.cpp" />
    <ClCompile Include="EnemyInfo.cpp" />
    <ClCompile Include="Luke.cpp" />
    <ClCompile Include="LukeAttackState.cpp" />
    <ClCompile Include="LukeIdleState.cpp" />
    <ClCompile Include="LukeRunState.cpp" />
    <ClCompile Include="PlayerTwoHandAttackState.cpp" />
    <ClCompile Include="Shadow.cpp" />
    <ClCompile Include="MapManager.cpp">
      <Filter>Manager</Filter>
    </ClCompile>
  </ItemGroup>
  <ItemGroup>
    <ClInclude Include="AnimationClip.h" />
    <ClInclude Include="commonMacroFunction.h" />
    <ClInclude Include="image.h" />
    <ClInclude Include="ImageManager.h" />
    <ClInclude Include="randomFunction.h" />
    <ClInclude Include="Resource.h" />
    <ClInclude Include="stdafx.h" />
    <ClInclude Include="targetver.h" />
    <ClInclude Include="Timer.h" />
    <ClInclude Include="utils.h" />
    <ClInclude Include="Animator.h">
      <Filter>Component\Framework</Filter>
    </ClInclude>
    <ClInclude Include="BackgroundManager.h">
      <Filter>Manager</Filter>
    </ClInclude>
    <ClInclude Include="BoxCollider.h">
      <Filter>Component\Framework</Filter>
    </ClInclude>
    <ClInclude Include="Camera.h">
      <Filter>Component\Framework</Filter>
    </ClInclude>
    <ClInclude Include="Box.h">
      <Filter>GameObject\Framwork</Filter>
    </ClInclude>
    <ClInclude Include="Cam.h">
      <Filter>GameObject\Framwork</Filter>
    </ClInclude>
    <ClInclude Include="CameraManager.h">
      <Filter>Manager\Framework</Filter>
    </ClInclude>
    <ClInclude Include="Character.h">
      <Filter>GameObject</Filter>
    </ClInclude>
    <ClInclude Include="ClipManager.h">
      <Filter>Manager\Framework</Filter>
    </ClInclude>
    <ClInclude Include="ColliderManager.h">
      <Filter>Manager\Framework</Filter>
    </ClInclude>
    <ClInclude Include="Component.h">
      <Filter>Component\Framework</Filter>
    </ClInclude>
    <ClInclude Include="DebugText.h">
      <Filter>Component\Framework</Filter>
    </ClInclude>
    <ClInclude Include="Doberman.h">
      <Filter>Component</Filter>
    </ClInclude>
    <ClInclude Include="DobermanAttackstate.h">
      <Filter>EnemyState\Doberman</Filter>
    </ClInclude>
    <ClInclude Include="Dobermanidlestate.h">
      <Filter>EnemyState\Doberman</Filter>
    </ClInclude>
    <ClInclude Include="Dobermanmovestate.h">
      <Filter>EnemyState\Doberman</Filter>
    </ClInclude>
    <ClInclude Include="EffectManager.h">
      <Filter>Manager\Framework</Filter>
    </ClInclude>
    <ClInclude Include="Enemy.h">
      <Filter>GameObject</Filter>
    </ClInclude>
    <ClInclude Include="EnemyAI.h">
      <Filter>Component</Filter>
    </ClInclude>
    <ClInclude Include="EnemyInfo.h">
      <Filter>Component</Filter>
    </ClInclude>
    <ClInclude Include="EnemyManager.h">
      <Filter>Manager</Filter>
    </ClInclude>
    <ClInclude Include="EnemyState.h">
      <Filter>EnemyState</Filter>
    </ClInclude>
    <ClInclude Include="gameNode.h">
      <Filter>Playground</Filter>
    </ClInclude>
    <ClInclude Include="GameObject.h">
      <Filter>GameObject\Framwork</Filter>
    </ClInclude>
    <ClInclude Include="GroundManager.h">
      <Filter>Manager</Filter>
    </ClInclude>
    <ClInclude Include="ImageObject.h">
      <Filter>GameObject\Framwork</Filter>
    </ClInclude>
    <ClInclude Include="ItemObject.h">
      <Filter>GameObject</Filter>
    </ClInclude>
    <ClInclude Include="Luke.h">
      <Filter>GameObject</Filter>
    </ClInclude>
    <ClInclude Include="LukeAttackState.h">
      <Filter>EnemyState\Luke</Filter>
    </ClInclude>
    <ClInclude Include="LukeIdleState.h">
      <Filter>EnemyState\Luke</Filter>
    </ClInclude>
    <ClInclude Include="LukeRunState.h">
      <Filter>EnemyState\Luke</Filter>
    </ClInclude>
    <ClInclude Include="Matthew.h">
      <Filter>Component</Filter>
    </ClInclude>
    <ClInclude Include="Matthewattack2state.h">
      <Filter>EnemyState\Matthew</Filter>
    </ClInclude>
    <ClInclude Include="Matthewattack3state.h">
      <Filter>EnemyState\Matthew</Filter>
    </ClInclude>
    <ClInclude Include="Matthewattackstate.h">
      <Filter>EnemyState\Matthew</Filter>
    </ClInclude>
    <ClInclude Include="Matthewidlestate.h">
      <Filter>EnemyState\Matthew</Filter>
    </ClInclude>
    <ClInclude Include="Matthewmovestate.h">
      <Filter>EnemyState\Matthew</Filter>
    </ClInclude>
    <ClInclude Include="Matthewstate.h">
      <Filter>EnemyState\Matthew</Filter>
    </ClInclude>
    <ClInclude Include="PlayerAttackState.h">
      <Filter>PlayerState</Filter>
    </ClInclude>
    <ClInclude Include="PlayerBlockState.h">
      <Filter>PlayerState</Filter>
    </ClInclude>
    <ClInclude Include="PlayerBreakState.h">
      <Filter>PlayerState</Filter>
    </ClInclude>
    <ClInclude Include="PlayerControler.h">
      <Filter>PlayerState</Filter>
    </ClInclude>
    <ClInclude Include="PlayerFallState.h">
      <Filter>PlayerState</Filter>
    </ClInclude>
    <ClInclude Include="PlayerGroundState.h">
      <Filter>PlayerState</Filter>
    </ClInclude>
    <ClInclude Include="PlayerIdleState.h">
      <Filter>PlayerState</Filter>
    </ClInclude>
    <ClInclude Include="PlayerJumpKickState.h">
      <Filter>PlayerState</Filter>
    </ClInclude>
    <ClInclude Include="PlayerJumpState.h">
      <Filter>PlayerState</Filter>
    </ClInclude>
    <ClInclude Include="PlayerKickAttackState.h">
      <Filter>PlayerState</Filter>
    </ClInclude>
    <ClInclude Include="PlayerKickSkillState.h">
      <Filter>PlayerState</Filter>
    </ClInclude>
    <ClInclude Include="PlayerRunState.h">
      <Filter>PlayerState</Filter>
    </ClInclude>
    <ClInclude Include="PlayerState.h">
      <Filter>PlayerState</Filter>
    </ClInclude>
    <ClInclude Include="PlayerWalkState.h">
      <Filter>PlayerState</Filter>
    </ClInclude>
    <ClInclude Include="PlayerZorderJumpState.h">
      <Filter>PlayerState</Filter>
    </ClInclude>
    <ClInclude Include="keyManager.h">
      <Filter>Manager\Framework</Filter>
    </ClInclude>
    <ClInclude Include="Item.h">
      <Filter>Component</Filter>
    </ClInclude>
    <ClInclude Include="Ground.h">
      <Filter>Component</Filter>
    </ClInclude>
    <ClInclude Include="ObjectInfo.h">
      <Filter>Component</Filter>
    </ClInclude>
    <ClInclude Include="Player.h">
      <Filter>Component</Filter>
    </ClInclude>
    <ClInclude Include="Renderer.h">
      <Filter>Component\Framework</Filter>
    </ClInclude>
    <ClInclude Include="Scene.h">
      <Filter>Scene</Filter>
    </ClInclude>
    <ClInclude Include="playGround.h">
      <Filter>Playground</Filter>
    </ClInclude>
    <ClInclude Include="SceneInfoLoader.h">
      <Filter>Scene</Filter>
    </ClInclude>
    <ClInclude Include="EditorScene.h">
      <Filter>Scene</Filter>
    </ClInclude>
    <ClInclude Include="SceneManager.h">
      <Filter>Manager\Framework</Filter>
    </ClInclude>
    <ClInclude Include="soundManager.h">
      <Filter>Manager\Framework</Filter>
    </ClInclude>
    <ClInclude Include="singletonBase.h">
      <Filter>Manager\Framework</Filter>
    </ClInclude>
    <ClInclude Include="TagManager.h">
      <Filter>Manager\Framework</Filter>
    </ClInclude>
    <ClInclude Include="StartScene.h">
      <Filter>Scene</Filter>
    </ClInclude>
    <ClInclude Include="ParticleSystem.h">
      <Filter>Component\Framework</Filter>
    </ClInclude>
    <ClInclude Include="UIBase.h">
      <Filter>GameObject\Framwork</Filter>
    </ClInclude>
    <ClInclude Include="Wall.h">
      <Filter>Component</Filter>
    </ClInclude>
    <ClInclude Include="Transform.h">
      <Filter>Component\Framework</Filter>
    </ClInclude>
    <ClInclude Include="UIRenderer.h">
      <Filter>Component\Framework</Filter>
    </ClInclude>
    <ClInclude Include="WallManager.h">
      <Filter>Manager</Filter>
    </ClInclude>
    <ClInclude Include="WallObj.h">
      <Filter>GameObject</Filter>
    </ClInclude>
    <ClInclude Include="ZOrder.h">
      <Filter>Component</Filter>
    </ClInclude>
    <ClInclude Include="ZOrderManager.h">
      <Filter>Manager</Filter>
    </ClInclude>
    <ClInclude Include="Text.h">
      <Filter>Component\Framework</Filter>
    </ClInclude>
    <ClInclude Include="TimeManager.h">
      <Filter>Manager\Framework</Filter>
    </ClInclude>
    <ClInclude Include="TextDataManager.h">
      <Filter>Manager\Framework</Filter>
    </ClInclude>
    <ClInclude Include="Zone.h">
      <Filter>GameObject\Framwork</Filter>
    </ClInclude>
    <ClInclude Include="Outline.h" />
    <ClInclude Include="MatthewPalmwindState.h" />
    <ClInclude Include="Enemy.h" />
    <ClInclude Include="EnemyAI.h" />
    <ClInclude Include="EnemyInfo.h" />
    <ClInclude Include="Luke.h" />
    <ClInclude Include="LukeAttackState.h" />
    <ClInclude Include="LukeIdleState.h" />
    <ClInclude Include="LukeRunState.h" />
    <ClInclude Include="PlayerTwoHandAttackState.h" />
    <ClInclude Include="Shadow.h" />
    <ClInclude Include="MapManager.h">
      <Filter>Manager</Filter>
    </ClInclude>
  </ItemGroup>
  <ItemGroup>
    <ResourceCompile Include="windowAPI.rc" />
  </ItemGroup>
  <ItemGroup>
    <Image Include="small.ico" />
    <Image Include="windowAPI.ico" />
  </ItemGroup>
  <ItemGroup>
    <Filter Include="Component">
      <UniqueIdentifier>{1695fa46-7111-4e39-8374-4194fde8d9f4}</UniqueIdentifier>
    </Filter>
    <Filter Include="Manager">
      <UniqueIdentifier>{442158c0-801c-4ac9-8ed4-e9bcbc49d544}</UniqueIdentifier>
    </Filter>
    <Filter Include="GameObject">
      <UniqueIdentifier>{78ac1a8e-7538-4321-979b-df64c6091b2c}</UniqueIdentifier>
    </Filter>
    <Filter Include="GameObject\Framwork">
      <UniqueIdentifier>{71ed6f6e-1496-4aea-a773-b748fa4694c1}</UniqueIdentifier>
    </Filter>
    <Filter Include="Component\Framework">
      <UniqueIdentifier>{761b4e69-99d5-407e-9eeb-81156bac7d61}</UniqueIdentifier>
    </Filter>
    <Filter Include="Manager\Framework">
      <UniqueIdentifier>{2df55f64-1ffc-44e5-b9d1-9c64814cb4da}</UniqueIdentifier>
    </Filter>
    <Filter Include="EnemyState">
      <UniqueIdentifier>{0405cdcc-53f3-4805-a41a-905ac166c4d7}</UniqueIdentifier>
    </Filter>
    <Filter Include="EnemyState\Doberman">
      <UniqueIdentifier>{9aeb018c-f28e-4404-92b6-56efabd225b0}</UniqueIdentifier>
    </Filter>
    <Filter Include="Playground">
      <UniqueIdentifier>{5354eac0-e5cc-45f6-955d-87a787cdf187}</UniqueIdentifier>
    </Filter>
    <Filter Include="EnemyState\Luke">
      <UniqueIdentifier>{c6a5bb4a-e8a4-4f81-a883-404afada58a9}</UniqueIdentifier>
    </Filter>
    <Filter Include="EnemyState\Matthew">
      <UniqueIdentifier>{490c3b71-8e9a-4bd4-8502-408e15848bc6}</UniqueIdentifier>
    </Filter>
    <Filter Include="PlayerState">
      <UniqueIdentifier>{eb712d03-1881-4f3c-a7b1-07a4b5f9af0f}</UniqueIdentifier>
    </Filter>
    <Filter Include="Scene">
      <UniqueIdentifier>{ac84b6cc-0d8a-4eb5-ba31-259f1945132b}</UniqueIdentifier>
    </Filter>
    <Filter Include="EnemyState\Luke">
      <UniqueIdentifier>{6df51c3f-b629-42b6-b817-b146501a13f5}</UniqueIdentifier>
    </Filter>
    <Filter Include="Component\Enemy">
      <UniqueIdentifier>{7d6c3acd-d20c-4035-8f5d-68e0e3b8cbfd}</UniqueIdentifier>
    </Filter>
  </ItemGroup>
</Project>